
Microsoft Visual Studio Solution File, Format Version 12.00
# Visual Studio Version 17
VisualStudioVersion = 17.10.35027.167
MinimumVisualStudioVersion = 10.0.40219.1
Project("{FAE04EC0-301F-11D3-BF4B-00C04F79EFBC}") = "GuessaNumber", "GuessaNumber\GuessaNumber.csproj", "{5917712E-DBEE-4905-B4FF-4390D0E64AE8}"
EndProject
Global
	GlobalSection(SolutionConfigurationPlatforms) = preSolution
		Debug|Any CPU = Debug|Any CPU
		Release|Any CPU = Release|Any CPU
	EndGlobalSection
	GlobalSection(ProjectConfigurationPlatforms) = postSolution
		{5917712E-DBEE-4905-B4FF-4390D0E64AE8}.Debug|Any CPU.ActiveCfg = Debug|Any CPU
		{5917712E-DBEE-4905-B4FF-4390D0E64AE8}.Debug|Any CPU.Build.0 = Debug|Any CPU
		{5917712E-DBEE-4905-B4FF-4390D0E64AE8}.Release|Any CPU.ActiveCfg = Release|Any CPU
		{5917712E-DBEE-4905-B4FF-4390D0E64AE8}.Release|Any CPU.Build.0 = Release|Any CPU
	EndGlobalSection
	GlobalSection(SolutionProperties) = preSolution
		HideSolutionNode = FALSE
	EndGlobalSection
	GlobalSection(ExtensibilityGlobals) = postSolution
		SolutionGuid = {D8EF7924-3787-4FD1-B51A-74A675CD06F3}
	EndGlobalSection
EndGlobal
